
Microsoft Visual Studio Solution File, Format Version 12.00
# Visual Studio 15
VisualStudioVersion = 15.0.27130.2024
MinimumVisualStudioVersion = 10.0.40219.1
Project("{9A19103F-16F7-4668-BE54-9A1E7A4F7556}") = "AndroidGPSExample.Api", "AndroidGPSExample.Api\AndroidGPSExample.Api.csproj", "{E63162E8-DA9F-40AC-A48E-D3D087C22954}"
EndProject
Project("{FAE04EC0-301F-11D3-BF4B-00C04F79EFBC}") = "AndroidGPSExample.Repository", "AndroidGPSExample.Infraestructure\AndroidGPSExample.Repository.csproj", "{05A55C93-2951-43F1-95FF-6D658E90B261}"
EndProject
Project("{FAE04EC0-301F-11D3-BF4B-00C04F79EFBC}") = "AndroidGPSExample.Domain", "AndroidGPSExample.Domain\AndroidGPSExample.Domain.csproj", "{C174AD98-575F-45E4-8565-CE4E8BEB413F}"
EndProject
Global
	GlobalSection(SolutionConfigurationPlatforms) = preSolution
		Debug|Any CPU = Debug|Any CPU
		Release|Any CPU = Release|Any CPU
	EndGlobalSection
	GlobalSection(ProjectConfigurationPlatforms) = postSolution
		{E63162E8-DA9F-40AC-A48E-D3D087C22954}.Debug|Any CPU.ActiveCfg = Debug|Any CPU
		{E63162E8-DA9F-40AC-A48E-D3D087C22954}.Debug|Any CPU.Build.0 = Debug|Any CPU
		{E63162E8-DA9F-40AC-A48E-D3D087C22954}.Release|Any CPU.ActiveCfg = Release|Any CPU
		{E63162E8-DA9F-40AC-A48E-D3D087C22954}.Release|Any CPU.Build.0 = Release|Any CPU
		{05A55C93-2951-43F1-95FF-6D658E90B261}.Debug|Any CPU.ActiveCfg = Debug|Any CPU
		{05A55C93-2951-43F1-95FF-6D658E90B261}.Debug|Any CPU.Build.0 = Debug|Any CPU
		{05A55C93-2951-43F1-95FF-6D658E90B261}.Release|Any CPU.ActiveCfg = Release|Any CPU
		{05A55C93-2951-43F1-95FF-6D658E90B261}.Release|Any CPU.Build.0 = Release|Any CPU
		{C174AD98-575F-45E4-8565-CE4E8BEB413F}.Debug|Any CPU.ActiveCfg = Debug|Any CPU
		{C174AD98-575F-45E4-8565-CE4E8BEB413F}.Debug|Any CPU.Build.0 = Debug|Any CPU
		{C174AD98-575F-45E4-8565-CE4E8BEB413F}.Release|Any CPU.ActiveCfg = Release|Any CPU
		{C174AD98-575F-45E4-8565-CE4E8BEB413F}.Release|Any CPU.Build.0 = Release|Any CPU
	EndGlobalSection
	GlobalSection(SolutionProperties) = preSolution
		HideSolutionNode = FALSE
	EndGlobalSection
	GlobalSection(ExtensibilityGlobals) = postSolution
		SolutionGuid = {085F64FF-4909-4167-9CB1-F267097AC0ED}
	EndGlobalSection
EndGlobal
